
Microsoft Visual Studio Solution File, Format Version 12.00
# Visual Studio 15
VisualStudioVersion = 15.0.27428.2011
MinimumVisualStudioVersion = 10.0.40219.1
Project("{9A19103F-16F7-4668-BE54-9A1E7A4F7556}") = "DataHelper", "DataHelper\DataHelper.csproj", "{A74175E5-7E99-47E5-9227-A5D30EBB92F8}"
EndProject
Project("{FAE04EC0-301F-11D3-BF4B-00C04F79EFBC}") = "DataHelperTest", "DataHelperTest\DataHelperTest.csproj", "{59BA4389-05CD-4C30-9E8E-D43B3AEE7157}"
EndProject
Global
	GlobalSection(SolutionConfigurationPlatforms) = preSolution
		Debug|Any CPU = Debug|Any CPU
		Release|Any CPU = Release|Any CPU
	EndGlobalSection
	GlobalSection(ProjectConfigurationPlatforms) = postSolution
		{A74175E5-7E99-47E5-9227-A5D30EBB92F8}.Debug|Any CPU.ActiveCfg = Debug|Any CPU
		{A74175E5-7E99-47E5-9227-A5D30EBB92F8}.Debug|Any CPU.Build.0 = Debug|Any CPU
		{A74175E5-7E99-47E5-9227-A5D30EBB92F8}.Release|Any CPU.ActiveCfg = Release|Any CPU
		{A74175E5-7E99-47E5-9227-A5D30EBB92F8}.Release|Any CPU.Build.0 = Release|Any CPU
		{59BA4389-05CD-4C30-9E8E-D43B3AEE7157}.Debug|Any CPU.ActiveCfg = Debug|Any CPU
		{59BA4389-05CD-4C30-9E8E-D43B3AEE7157}.Debug|Any CPU.Build.0 = Debug|Any CPU
		{59BA4389-05CD-4C30-9E8E-D43B3AEE7157}.Release|Any CPU.ActiveCfg = Release|Any CPU
		{59BA4389-05CD-4C30-9E8E-D43B3AEE7157}.Release|Any CPU.Build.0 = Release|Any CPU
	EndGlobalSection
	GlobalSection(SolutionProperties) = preSolution
		HideSolutionNode = FALSE
	EndGlobalSection
	GlobalSection(ExtensibilityGlobals) = postSolution
		SolutionGuid = {7A758C38-94EE-42A2-91DE-954B145C7FA2}
	EndGlobalSection
EndGlobal
